// !$*UTF8*$!
{
	archiveVersion = 1;
	classes = {
	};
	objectVersion = 46;
	objects = {

/* Begin PBXBuildFile section */
		27E021267BC6A01A59F88410 /* Pods_Twit.framework in Frameworks */ = {isa = PBXBuildFile; fileRef = 0634758A984B2BBBBDDFC54E /* Pods_Twit.framework */; };
		835D2CA31D7C1FBC00A06580 /* AppDelegate.swift in Sources */ = {isa = PBXBuildFile; fileRef = 835D2CA21D7C1FBC00A06580 /* AppDelegate.swift */; };
		835D2CA51D7C1FBC00A06580 /* ViewController.swift in Sources */ = {isa = PBXBuildFile; fileRef = 835D2CA41D7C1FBC00A06580 /* ViewController.swift */; };
		835D2CAB1D7C1FBC00A06580 /* Twit.xcdatamodeld in Sources */ = {isa = PBXBuildFile; fileRef = 835D2CA91D7C1FBC00A06580 /* Twit.xcdatamodeld */; };
		835D2CAD1D7C1FBC00A06580 /* Assets.xcassets in Resources */ = {isa = PBXBuildFile; fileRef = 835D2CAC1D7C1FBC00A06580 /* Assets.xcassets */; };
		835D2CB01D7C1FBC00A06580 /* LaunchScreen.storyboard in Resources */ = {isa = PBXBuildFile; fileRef = 835D2CAE1D7C1FBC00A06580 /* LaunchScreen.storyboard */; };
		835D2CB81D7C201E00A06580 /* TwitMain.swift in Sources */ = {isa = PBXBuildFile; fileRef = 835D2CB71D7C201E00A06580 /* TwitMain.swift */; };
		835D2CBC1D7C229600A06580 /* TwitTabBarController.swift in Sources */ = {isa = PBXBuildFile; fileRef = 835D2CBB1D7C229600A06580 /* TwitTabBarController.swift */; };
		835D2CBF1D7C24EC00A06580 /* HomeVC.swift in Sources */ = {isa = PBXBuildFile; fileRef = 835D2CBE1D7C24EC00A06580 /* HomeVC.swift */; };
		835D2CC31D7D696900A06580 /* HomeDataService.swift in Sources */ = {isa = PBXBuildFile; fileRef = 835D2CC21D7D696900A06580 /* HomeDataService.swift */; };
		835D2CC51D7D697600A06580 /* DataService.swift in Sources */ = {isa = PBXBuildFile; fileRef = 835D2CC41D7D697600A06580 /* DataService.swift */; };
		835D2CC81D7D6B2200A06580 /* Constaints.swift in Sources */ = {isa = PBXBuildFile; fileRef = 835D2CC71D7D6B2200A06580 /* Constaints.swift */; };
		835D2CCA1D7D6D0400A06580 /* Alamofire.framework in Frameworks */ = {isa = PBXBuildFile; fileRef = 835D2CC91D7D6D0400A06580 /* Alamofire.framework */; };
/* End PBXBuildFile section */

/* Begin PBXFileReference section */
		0634758A984B2BBBBDDFC54E /* Pods_Twit.framework */ = {isa = PBXFileReference; explicitFileType = wrapper.framework; includeInIndex = 0; path = Pods_Twit.framework; sourceTree = BUILT_PRODUCTS_DIR; };
		0E2213B76B9A9047FABD9EA7 /* Pods-Twit.release.xcconfig */ = {isa = PBXFileReference; includeInIndex = 1; lastKnownFileType = text.xcconfig; name = "Pods-Twit.release.xcconfig"; path = "Pods/Target Support Files/Pods-Twit/Pods-Twit.release.xcconfig"; sourceTree = "<group>"; };
		835D2C9F1D7C1FBC00A06580 /* Twit.app */ = {isa = PBXFileReference; explicitFileType = wrapper.application; includeInIndex = 0; path = Twit.app; sourceTree = BUILT_PRODUCTS_DIR; };
		835D2CA21D7C1FBC00A06580 /* AppDelegate.swift */ = {isa = PBXFileReference; lastKnownFileType = sourcecode.swift; path = AppDelegate.swift; sourceTree = "<group>"; };
		835D2CA41D7C1FBC00A06580 /* ViewController.swift */ = {isa = PBXFileReference; lastKnownFileType = sourcecode.swift; path = ViewController.swift; sourceTree = "<group>"; };
		835D2CAA1D7C1FBC00A06580 /* Twit.xcdatamodel */ = {isa = PBXFileReference; lastKnownFileType = wrapper.xcdatamodel; path = Twit.xcdatamodel; sourceTree = "<group>"; };
		835D2CAC1D7C1FBC00A06580 /* Assets.xcassets */ = {isa = PBXFileReference; lastKnownFileType = folder.assetcatalog; path = Assets.xcassets; sourceTree = "<group>"; };
		835D2CAF1D7C1FBC00A06580 /* Base */ = {isa = PBXFileReference; lastKnownFileType = file.storyboard; name = Base; path = Base.lproj/LaunchScreen.storyboard; sourceTree = "<group>"; };
		835D2CB11D7C1FBC00A06580 /* Info.plist */ = {isa = PBXFileReference; lastKnownFileType = text.plist.xml; path = Info.plist; sourceTree = "<group>"; };
		835D2CB71D7C201E00A06580 /* TwitMain.swift */ = {isa = PBXFileReference; fileEncoding = 4; lastKnownFileType = sourcecode.swift; path = TwitMain.swift; sourceTree = "<group>"; };
		835D2CBB1D7C229600A06580 /* TwitTabBarController.swift */ = {isa = PBXFileReference; fileEncoding = 4; lastKnownFileType = sourcecode.swift; name = TwitTabBarController.swift; path = Controllers/Setup/TwitTabBarController.swift; sourceTree = "<group>"; };
		835D2CBE1D7C24EC00A06580 /* HomeVC.swift */ = {isa = PBXFileReference; fileEncoding = 4; lastKnownFileType = sourcecode.swift; name = HomeVC.swift; path = Controllers/Home/HomeVC.swift; sourceTree = "<group>"; };
		835D2CC21D7D696900A06580 /* HomeDataService.swift */ = {isa = PBXFileReference; fileEncoding = 4; lastKnownFileType = sourcecode.swift; name = HomeDataService.swift; path = Services/Home/HomeDataService.swift; sourceTree = "<group>"; };
		835D2CC41D7D697600A06580 /* DataService.swift */ = {isa = PBXFileReference; fileEncoding = 4; lastKnownFileType = sourcecode.swift; name = DataService.swift; path = Services/DataService.swift; sourceTree = "<group>"; };
		835D2CC71D7D6B2200A06580 /* Constaints.swift */ = {isa = PBXFileReference; fileEncoding = 4; lastKnownFileType = sourcecode.swift; name = Constaints.swift; path = Utils/Constaints.swift; sourceTree = "<group>"; };
		835D2CC91D7D6D0400A06580 /* Alamofire.framework */ = {isa = PBXFileReference; lastKnownFileType = wrapper.framework; name = Alamofire.framework; path = "../../Library/Developer/Xcode/DerivedData/Twit-erhsfecukdkspbcjpnfmlcmipfxx/Build/Products/Debug-iphoneos/Alamofire/Alamofire.framework"; sourceTree = "<group>"; };
		DB0BE488F8D79554352388A0 /* Pods-Twit.debug.xcconfig */ = {isa = PBXFileReference; includeInIndex = 1; lastKnownFileType = text.xcconfig; name = "Pods-Twit.debug.xcconfig"; path = "Pods/Target Support Files/Pods-Twit/Pods-Twit.debug.xcconfig"; sourceTree = "<group>"; };
/* End PBXFileReference section */

/* Begin PBXFrameworksBuildPhase section */
		835D2C9C1D7C1FBC00A06580 /* Frameworks */ = {
			isa = PBXFrameworksBuildPhase;
			buildActionMask = 2147483647;
			files = (
				835D2CCA1D7D6D0400A06580 /* Alamofire.framework in Frameworks */,
				27E021267BC6A01A59F88410 /* Pods_Twit.framework in Frameworks */,
			);
			runOnlyForDeploymentPostprocessing = 0;
		};
/* End PBXFrameworksBuildPhase section */

/* Begin PBXGroup section */
		743348205DEF209B895E8E88 /* Pods */ = {
			isa = PBXGroup;
			children = (
				DB0BE488F8D79554352388A0 /* Pods-Twit.debug.xcconfig */,
				0E2213B76B9A9047FABD9EA7 /* Pods-Twit.release.xcconfig */,
			);
			name = Pods;
			sourceTree = "<group>";
		};
		835D2C961D7C1FBC00A06580 = {
			isa = PBXGroup;
			children = (
				835D2CA11D7C1FBC00A06580 /* Twit */,
				835D2CA01D7C1FBC00A06580 /* Products */,
				743348205DEF209B895E8E88 /* Pods */,
				9E6FF39A311DEEE398F5C890 /* Frameworks */,
			);
			sourceTree = "<group>";
		};
		835D2CA01D7C1FBC00A06580 /* Products */ = {
			isa = PBXGroup;
			children = (
				835D2C9F1D7C1FBC00A06580 /* Twit.app */,
			);
			name = Products;
			sourceTree = "<group>";
		};
		835D2CA11D7C1FBC00A06580 /* Twit */ = {
			isa = PBXGroup;
			children = (
				835D2CC61D7D6B0D00A06580 /* Utils */,
				835D2CC01D7D692C00A06580 /* Services */,
				835D2CB91D7C225600A06580 /* Controllers */,
				835D2CA41D7C1FBC00A06580 /* ViewController.swift */,
				835D2CAC1D7C1FBC00A06580 /* Assets.xcassets */,
				835D2CAE1D7C1FBC00A06580 /* LaunchScreen.storyboard */,
				835D2CB11D7C1FBC00A06580 /* Info.plist */,
				835D2CA91D7C1FBC00A06580 /* Twit.xcdatamodeld */,
				835D2CB71D7C201E00A06580 /* TwitMain.swift */,
			);
			path = Twit;
			sourceTree = "<group>";
		};
		835D2CB91D7C225600A06580 /* Controllers */ = {
			isa = PBXGroup;
			children = (
				835D2CBD1D7C24A300A06580 /* Home */,
				835D2CBA1D7C226B00A06580 /* Setup */,
			);
			name = Controllers;
			sourceTree = "<group>";
		};
		835D2CBA1D7C226B00A06580 /* Setup */ = {
			isa = PBXGroup;
			children = (
				835D2CBB1D7C229600A06580 /* TwitTabBarController.swift */,
				835D2CA21D7C1FBC00A06580 /* AppDelegate.swift */,
			);
			name = Setup;
			sourceTree = "<group>";
		};
		835D2CBD1D7C24A300A06580 /* Home */ = {
			isa = PBXGroup;
			children = (
				835D2CBE1D7C24EC00A06580 /* HomeVC.swift */,
			);
			name = Home;
			sourceTree = "<group>";
		};
		835D2CC01D7D692C00A06580 /* Services */ = {
			isa = PBXGroup;
			children = (
				835D2CC11D7D693500A06580 /* Home */,
				835D2CC41D7D697600A06580 /* DataService.swift */,
			);
			name = Services;
			sourceTree = "<group>";
		};
		835D2CC11D7D693500A06580 /* Home */ = {
			isa = PBXGroup;
			children = (
				835D2CC21D7D696900A06580 /* HomeDataService.swift */,
			);
			name = Home;
			sourceTree = "<group>";
		};
		835D2CC61D7D6B0D00A06580 /* Utils */ = {
			isa = PBXGroup;
			children = (
				835D2CC71D7D6B2200A06580 /* Constaints.swift */,
			);
			name = Utils;
			sourceTree = "<group>";
		};
		9E6FF39A311DEEE398F5C890 /* Frameworks */ = {
			isa = PBXGroup;
			children = (
				835D2CC91D7D6D0400A06580 /* Alamofire.framework */,
				0634758A984B2BBBBDDFC54E /* Pods_Twit.framework */,
			);
			name = Frameworks;
			sourceTree = "<group>";
		};
/* End PBXGroup section */

/* Begin PBXNativeTarget section */
		835D2C9E1D7C1FBC00A06580 /* Twit */ = {
			isa = PBXNativeTarget;
			buildConfigurationList = 835D2CB41D7C1FBC00A06580 /* Build configuration list for PBXNativeTarget "Twit" */;
			buildPhases = (
				F503700FC567D861EDD6689E /* [CP] Check Pods Manifest.lock */,
				835D2C9B1D7C1FBC00A06580 /* Sources */,
				835D2C9C1D7C1FBC00A06580 /* Frameworks */,
				835D2C9D1D7C1FBC00A06580 /* Resources */,
				9FD5336D8A749DCE709DE2FF /* [CP] Embed Pods Frameworks */,
				6CC59EB0E96DEF7515990191 /* [CP] Copy Pods Resources */,
			);
			buildRules = (
			);
			dependencies = (
			);
			name = Twit;
			productName = Twit;
			productReference = 835D2C9F1D7C1FBC00A06580 /* Twit.app */;
			productType = "com.apple.product-type.application";
		};
/* End PBXNativeTarget section */

/* Begin PBXProject section */
		835D2C971D7C1FBC00A06580 /* Project object */ = {
			isa = PBXProject;
			attributes = {
				LastSwiftUpdateCheck = 0730;
				LastUpgradeCheck = 0730;
				ORGANIZATIONNAME = "Corey Baines";
				TargetAttributes = {
					835D2C9E1D7C1FBC00A06580 = {
						CreatedOnToolsVersion = 7.3.1;
						LastSwiftMigration = 0800;
					};
				};
			};
			buildConfigurationList = 835D2C9A1D7C1FBC00A06580 /* Build configuration list for PBXProject "Twit" */;
			compatibilityVersion = "Xcode 3.2";
			developmentRegion = English;
			hasScannedForEncodings = 0;
			knownRegions = (
				en,
				Base,
			);
			mainGroup = 835D2C961D7C1FBC00A06580;
			productRefGroup = 835D2CA01D7C1FBC00A06580 /* Products */;
			projectDirPath = "";
			projectRoot = "";
			targets = (
				835D2C9E1D7C1FBC00A06580 /* Twit */,
			);
		};
/* End PBXProject section */

/* Begin PBXResourcesBuildPhase section */
		835D2C9D1D7C1FBC00A06580 /* Resources */ = {
			isa = PBXResourcesBuildPhase;
			buildActionMask = 2147483647;
			files = (
				835D2CB01D7C1FBC00A06580 /* LaunchScreen.storyboard in Resources */,
				835D2CAD1D7C1FBC00A06580 /* Assets.xcassets in Resources */,
			);
			runOnlyForDeploymentPostprocessing = 0;
		};
/* End PBXResourcesBuildPhase section */

/* Begin PBXShellScriptBuildPhase section */
		6CC59EB0E96DEF7515990191 /* [CP] Copy Pods Resources */ = {
			isa = PBXShellScriptBuildPhase;
			buildActionMask = 2147483647;
			files = (
			);
			inputPaths = (
			);
			name = "[CP] Copy Pods Resources";
			outputPaths = (
			);
			runOnlyForDeploymentPostprocessing = 0;
			shellPath = /bin/sh;
			shellScript = "\"${SRCROOT}/Pods/Target Support Files/Pods-Twit/Pods-Twit-resources.sh\"\n";
			showEnvVarsInLog = 0;
		};
		9FD5336D8A749DCE709DE2FF /* [CP] Embed Pods Frameworks */ = {
			isa = PBXShellScriptBuildPhase;
			buildActionMask = 2147483647;
			files = (
			);
			inputPaths = (
			);
			name = "[CP] Embed Pods Frameworks";
			outputPaths = (
			);
			runOnlyForDeploymentPostprocessing = 0;
			shellPath = /bin/sh;
			shellScript = "\"${SRCROOT}/Pods/Target Support Files/Pods-Twit/Pods-Twit-frameworks.sh\"\n";
			showEnvVarsInLog = 0;
		};
		F503700FC567D861EDD6689E /* [CP] Check Pods Manifest.lock */ = {
			isa = PBXShellScriptBuildPhase;
			buildActionMask = 2147483647;
			files = (
			);
			inputPaths = (
			);
			name = "[CP] Check Pods Manifest.lock";
			outputPaths = (
			);
			runOnlyForDeploymentPostprocessing = 0;
			shellPath = /bin/sh;
			shellScript = "diff \"${PODS_ROOT}/../Podfile.lock\" \"${PODS_ROOT}/Manifest.lock\" > /dev/null\nif [ $? != 0 ] ; then\n    # print error to STDERR\n    echo \"error: The sandbox is not in sync with the Podfile.lock. Run 'pod install' or update your CocoaPods installation.\" >&2\n    exit 1\nfi\n";
			showEnvVarsInLog = 0;
		};
/* End PBXShellScriptBuildPhase section */

/* Begin PBXSourcesBuildPhase section */
		835D2C9B1D7C1FBC00A06580 /* Sources */ = {
			isa = PBXSourcesBuildPhase;
			buildActionMask = 2147483647;
			files = (
				835D2CBC1D7C229600A06580 /* TwitTabBarController.swift in Sources */,
				835D2CAB1D7C1FBC00A06580 /* Twit.xcdatamodeld in Sources */,
				835D2CA51D7C1FBC00A06580 /* ViewController.swift in Sources */,
				835D2CBF1D7C24EC00A06580 /* HomeVC.swift in Sources */,
				835D2CB81D7C201E00A06580 /* TwitMain.swift in Sources */,
				835D2CC31D7D696900A06580 /* HomeDataService.swift in Sources */,
				835D2CC81D7D6B2200A06580 /* Constaints.swift in Sources */,
				835D2CA31D7C1FBC00A06580 /* AppDelegate.swift in Sources */,
				835D2CC51D7D697600A06580 /* DataService.swift in Sources */,
			);
			runOnlyForDeploymentPostprocessing = 0;
		};
/* End PBXSourcesBuildPhase section */

/* Begin PBXVariantGroup section */
		835D2CAE1D7C1FBC00A06580 /* LaunchScreen.storyboard */ = {
			isa = PBXVariantGroup;
			children = (
				835D2CAF1D7C1FBC00A06580 /* Base */,
			);
			name = LaunchScreen.storyboard;
			sourceTree = "<group>";
		};
/* End PBXVariantGroup section */

/* Begin XCBuildConfiguration section */
		835D2CB21D7C1FBC00A06580 /* Debug */ = {
			isa = XCBuildConfiguration;
			buildSettings = {
				ALWAYS_SEARCH_USER_PATHS = NO;
				CLANG_ANALYZER_NONNULL = YES;
				CLANG_CXX_LANGUAGE_STANDARD = "gnu++0x";
				CLANG_CXX_LIBRARY = "libc++";
				CLANG_ENABLE_MODULES = YES;
				CLANG_ENABLE_OBJC_ARC = YES;
				CLANG_WARN_BOOL_CONVERSION = YES;
				CLANG_WARN_CONSTANT_CONVERSION = YES;
				CLANG_WARN_DIRECT_OBJC_ISA_USAGE = YES_ERROR;
				CLANG_WARN_EMPTY_BODY = YES;
				CLANG_WARN_ENUM_CONVERSION = YES;
				CLANG_WARN_INT_CONVERSION = YES;
				CLANG_WARN_OBJC_ROOT_CLASS = YES_ERROR;
				CLANG_WARN_UNREACHABLE_CODE = YES;
				CLANG_WARN__DUPLICATE_METHOD_MATCH = YES;
				"CODE_SIGN_IDENTITY[sdk=iphoneos*]" = "iPhone Developer";
				COPY_PHASE_STRIP = NO;
				DEBUG_INFORMATION_FORMAT = dwarf;
				ENABLE_STRICT_OBJC_MSGSEND = YES;
				ENABLE_TESTABILITY = YES;
				GCC_C_LANGUAGE_STANDARD = gnu99;
				GCC_DYNAMIC_NO_PIC = NO;
				GCC_NO_COMMON_BLOCKS = YES;
				GCC_OPTIMIZATION_LEVEL = 0;
				GCC_PREPROCESSOR_DEFINITIONS = (
					"DEBUG=1",
					"$(inherited)",
				);
				GCC_WARN_64_TO_32_BIT_CONVERSION = YES;
				GCC_WARN_ABOUT_RETURN_TYPE = YES_ERROR;
				GCC_WARN_UNDECLARED_SELECTOR = YES;
				GCC_WARN_UNINITIALIZED_AUTOS = YES_AGGRESSIVE;
				GCC_WARN_UNUSED_FUNCTION = YES;
				GCC_WARN_UNUSED_VARIABLE = YES;
				IPHONEOS_DEPLOYMENT_TARGET = 9.3;
				MTL_ENABLE_DEBUG_INFO = YES;
				ONLY_ACTIVE_ARCH = YES;
				SDKROOT = iphoneos;
				SWIFT_OPTIMIZATION_LEVEL = "-Onone";
				TARGETED_DEVICE_FAMILY = "1,2";
			};
			name = Debug;
		};
		835D2CB31D7C1FBC00A06580 /* Release */ = {
			isa = XCBuildConfiguration;
			buildSettings = {
				ALWAYS_SEARCH_USER_PATHS = NO;
				CLANG_ANALYZER_NONNULL = YES;
				CLANG_CXX_LANGUAGE_STANDARD = "gnu++0x";
				CLANG_CXX_LIBRARY = "libc++";
				CLANG_ENABLE_MODULES = YES;
				CLANG_ENABLE_OBJC_ARC = YES;
				CLANG_WARN_BOOL_CONVERSION = YES;
				CLANG_WARN_CONSTANT_CONVERSION = YES;
				CLANG_WARN_DIRECT_OBJC_ISA_USAGE = YES_ERROR;
				CLANG_WARN_EMPTY_BODY = YES;
				CLANG_WARN_ENUM_CONVERSION = YES;
				CLANG_WARN_INT_CONVERSION = YES;
				CLANG_WARN_OBJC_ROOT_CLASS = YES_ERROR;
				CLANG_WARN_UNREACHABLE_CODE = YES;
				CLANG_WARN__DUPLICATE_METHOD_MATCH = YES;
				"CODE_SIGN_IDENTITY[sdk=iphoneos*]" = "iPhone Developer";
				COPY_PHASE_STRIP = NO;
				DEBUG_INFORMATION_FORMAT = "dwarf-with-dsym";
				ENABLE_NS_ASSERTIONS = NO;
				ENABLE_STRICT_OBJC_MSGSEND = YES;
				GCC_C_LANGUAGE_STANDARD = gnu99;
				GCC_NO_COMMON_BLOCKS = YES;
				GCC_WARN_64_TO_32_BIT_CONVERSION = YES;
				GCC_WARN_ABOUT_RETURN_TYPE = YES_ERROR;
				GCC_WARN_UNDECLARED_SELECTOR = YES;
				GCC_WARN_UNINITIALIZED_AUTOS = YES_AGGRESSIVE;
				GCC_WARN_UNUSED_FUNCTION = YES;
				GCC_WARN_UNUSED_VARIABLE = YES;
				IPHONEOS_DEPLOYMENT_TARGET = 9.3;
				MTL_ENABLE_DEBUG_INFO = NO;
				SDKROOT = iphoneos;
				TARGETED_DEVICE_FAMILY = "1,2";
				VALIDATE_PRODUCT = YES;
			};
			name = Release;
		};
		835D2CB51D7C1FBC00A06580 /* Debug */ = {
			isa = XCBuildConfiguration;
			baseConfigurationReference = DB0BE488F8D79554352388A0 /* Pods-Twit.debug.xcconfig */;
			buildSettings = {
				ASSETCATALOG_COMPILER_APPICON_NAME = AppIcon;
				INFOPLIST_FILE = Twit/Info.plist;
				LD_RUNPATH_SEARCH_PATHS = "$(inherited) @executable_path/Frameworks";
				PRODUCT_BUNDLE_IDENTIFIER = com.spiritdevs.Twit;
				PRODUCT_NAME = "$(TARGET_NAME)";
				SWIFT_VERSION = 3.0;
			};
			name = Debug;
		};
		835D2CB61D7C1FBC00A06580 /* Release */ = {
			isa = XCBuildConfiguration;
			baseConfigurationReference = 0E2213B76B9A9047FABD9EA7 /* Pods-Twit.release.xcconfig */;
			buildSettings = {
				ASSETCATALOG_COMPILER_APPICON_NAME = AppIcon;
				INFOPLIST_FILE = Twit/Info.plist;
				LD_RUNPATH_SEARCH_PATHS = "$(inherited) @executable_path/Frameworks";
				PRODUCT_BUNDLE_IDENTIFIER = com.spiritdevs.Twit;
				PRODUCT_NAME = "$(TARGET_NAME)";
				SWIFT_VERSION = 3.0;
			};
			name = Release;
		};
/* End XCBuildConfiguration section */

/* Begin XCConfigurationList section */
		835D2C9A1D7C1FBC00A06580 /* Build configuration list for PBXProject "Twit" */ = {
			isa = XCConfigurationList;
			buildConfigurations = (
				835D2CB21D7C1FBC00A06580 /* Debug */,
				835D2CB31D7C1FBC00A06580 /* Release */,
			);
			defaultConfigurationIsVisible = 0;
			defaultConfigurationName = Release;
		};
		835D2CB41D7C1FBC00A06580 /* Build configuration list for PBXNativeTarget "Twit" */ = {
			isa = XCConfigurationList;
			buildConfigurations = (
				835D2CB51D7C1FBC00A06580 /* Debug */,
				835D2CB61D7C1FBC00A06580 /* Release */,
			);
			defaultConfigurationIsVisible = 0;
			defaultConfigurationName = Release;
		};
/* End XCConfigurationList section */

/* Begin XCVersionGroup section */
		835D2CA91D7C1FBC00A06580 /* Twit.xcdatamodeld */ = {
			isa = XCVersionGroup;
			children = (
				835D2CAA1D7C1FBC00A06580 /* Twit.xcdatamodel */,
			);
			currentVersion = 835D2CAA1D7C1FBC00A06580 /* Twit.xcdatamodel */;
			path = Twit.xcdatamodeld;
			sourceTree = "<group>";
			versionGroupType = wrapper.xcdatamodel;
		};
/* End XCVersionGroup section */
	};
	rootObject = 835D2C971D7C1FBC00A06580 /* Project object */;
}
