// !$*UTF8*$!
{
	archiveVersion = 1;
	classes = {
	};
	objectVersion = 46;
	objects = {

/* Begin PBXBuildFile section */
		4B1A0C6DA6F9BC841A5E52EC /* Pods_TWiT.framework in Frameworks */ = {isa = PBXBuildFile; fileRef = F5735FA9F5BB2724E91E9DCC /* Pods_TWiT.framework */; };
		8397AAD21D9606D400009C01 /* AppDelegate.swift in Sources */ = {isa = PBXBuildFile; fileRef = 8397AAD11D9606D400009C01 /* AppDelegate.swift */; };
		8397AAD41D9606D400009C01 /* ViewController.swift in Sources */ = {isa = PBXBuildFile; fileRef = 8397AAD31D9606D400009C01 /* ViewController.swift */; };
		8397AAD71D9606D400009C01 /* Main.storyboard in Resources */ = {isa = PBXBuildFile; fileRef = 8397AAD51D9606D400009C01 /* Main.storyboard */; };
		8397AADA1D9606D400009C01 /* TWiT.xcdatamodeld in Sources */ = {isa = PBXBuildFile; fileRef = 8397AAD81D9606D400009C01 /* TWiT.xcdatamodeld */; };
		8397AADC1D9606D400009C01 /* Assets.xcassets in Resources */ = {isa = PBXBuildFile; fileRef = 8397AADB1D9606D400009C01 /* Assets.xcassets */; };
		8397AADF1D9606D400009C01 /* LaunchScreen.storyboard in Resources */ = {isa = PBXBuildFile; fileRef = 8397AADD1D9606D400009C01 /* LaunchScreen.storyboard */; };
		8397AAE81D9608A500009C01 /* Constaints.swift in Sources */ = {isa = PBXBuildFile; fileRef = 8397AAE71D9608A500009C01 /* Constaints.swift */; };
		8397AAEA1D961F2400009C01 /* TwitMain.swift in Sources */ = {isa = PBXBuildFile; fileRef = 8397AAE91D961F2400009C01 /* TwitMain.swift */; };
		8397AAEE1D961F5F00009C01 /* TwitTabBarController.swift in Sources */ = {isa = PBXBuildFile; fileRef = 8397AAED1D961F5F00009C01 /* TwitTabBarController.swift */; };
		8397AAF11D961FAE00009C01 /* FeaturedVC.swift in Sources */ = {isa = PBXBuildFile; fileRef = 8397AAF01D961FAE00009C01 /* FeaturedVC.swift */; };
		8397AAF51D9632F200009C01 /* CategoryCell.swift in Sources */ = {isa = PBXBuildFile; fileRef = 8397AAF41D9632F200009C01 /* CategoryCell.swift */; };
		8397AAF71D972D3100009C01 /* GoogleService-Info.plist in Resources */ = {isa = PBXBuildFile; fileRef = 8397AAF61D972D3100009C01 /* GoogleService-Info.plist */; };
		8397AAFB1D972F9A00009C01 /* DataService.swift in Sources */ = {isa = PBXBuildFile; fileRef = 8397AAFA1D972F9A00009C01 /* DataService.swift */; };
		8397AAFE1D97388600009C01 /* FeaturedPageDetails.swift in Sources */ = {isa = PBXBuildFile; fileRef = 8397AAFD1D97388600009C01 /* FeaturedPageDetails.swift */; };
		8397AB001D97514B00009C01 /* CategoryLargeCell.swift in Sources */ = {isa = PBXBuildFile; fileRef = 8397AAFF1D97514B00009C01 /* CategoryLargeCell.swift */; };
		8397AB021D9755EF00009C01 /* HeaderCell.swift in Sources */ = {isa = PBXBuildFile; fileRef = 8397AB011D9755EF00009C01 /* HeaderCell.swift */; };
		8397AB041D975A8100009C01 /* CenterCellCollectionViewFlowLayout.swift in Sources */ = {isa = PBXBuildFile; fileRef = 8397AB031D975A8100009C01 /* CenterCellCollectionViewFlowLayout.swift */; };
		8397AB061D97BCF900009C01 /* UIGradientImageView.swift in Sources */ = {isa = PBXBuildFile; fileRef = 8397AB051D97BCF900009C01 /* UIGradientImageView.swift */; };
		8397AB081D97D87B00009C01 /* RecentTwitParse.swift in Sources */ = {isa = PBXBuildFile; fileRef = 8397AB071D97D87B00009C01 /* RecentTwitParse.swift */; };
/* End PBXBuildFile section */

/* Begin PBXFileReference section */
		8397AACE1D9606D400009C01 /* TWiT.app */ = {isa = PBXFileReference; explicitFileType = wrapper.application; includeInIndex = 0; path = TWiT.app; sourceTree = BUILT_PRODUCTS_DIR; };
		8397AAD11D9606D400009C01 /* AppDelegate.swift */ = {isa = PBXFileReference; lastKnownFileType = sourcecode.swift; path = AppDelegate.swift; sourceTree = "<group>"; };
		8397AAD31D9606D400009C01 /* ViewController.swift */ = {isa = PBXFileReference; lastKnownFileType = sourcecode.swift; path = ViewController.swift; sourceTree = "<group>"; };
		8397AAD61D9606D400009C01 /* Base */ = {isa = PBXFileReference; lastKnownFileType = file.storyboard; name = Base; path = Base.lproj/Main.storyboard; sourceTree = "<group>"; };
		8397AAD91D9606D400009C01 /* TWiT.xcdatamodel */ = {isa = PBXFileReference; lastKnownFileType = wrapper.xcdatamodel; path = TWiT.xcdatamodel; sourceTree = "<group>"; };
		8397AADB1D9606D400009C01 /* Assets.xcassets */ = {isa = PBXFileReference; lastKnownFileType = folder.assetcatalog; path = Assets.xcassets; sourceTree = "<group>"; };
		8397AADE1D9606D400009C01 /* Base */ = {isa = PBXFileReference; lastKnownFileType = file.storyboard; name = Base; path = Base.lproj/LaunchScreen.storyboard; sourceTree = "<group>"; };
		8397AAE01D9606D400009C01 /* Info.plist */ = {isa = PBXFileReference; lastKnownFileType = text.plist.xml; path = Info.plist; sourceTree = "<group>"; };
		8397AAE71D9608A500009C01 /* Constaints.swift */ = {isa = PBXFileReference; fileEncoding = 4; lastKnownFileType = sourcecode.swift; name = Constaints.swift; path = Utils/Constaints.swift; sourceTree = "<group>"; };
		8397AAE91D961F2400009C01 /* TwitMain.swift */ = {isa = PBXFileReference; fileEncoding = 4; lastKnownFileType = sourcecode.swift; path = TwitMain.swift; sourceTree = "<group>"; };
		8397AAED1D961F5F00009C01 /* TwitTabBarController.swift */ = {isa = PBXFileReference; fileEncoding = 4; lastKnownFileType = sourcecode.swift; name = TwitTabBarController.swift; path = Controllers/Setup/TwitTabBarController.swift; sourceTree = "<group>"; };
		8397AAF01D961FAE00009C01 /* FeaturedVC.swift */ = {isa = PBXFileReference; fileEncoding = 4; lastKnownFileType = sourcecode.swift; name = FeaturedVC.swift; path = Controllers/Featured/FeaturedVC.swift; sourceTree = "<group>"; };
		8397AAF41D9632F200009C01 /* CategoryCell.swift */ = {isa = PBXFileReference; fileEncoding = 4; lastKnownFileType = sourcecode.swift; name = CategoryCell.swift; path = Views/Featured/CategoryCell.swift; sourceTree = "<group>"; };
		8397AAF61D972D3100009C01 /* GoogleService-Info.plist */ = {isa = PBXFileReference; fileEncoding = 4; lastKnownFileType = text.plist.xml; path = "GoogleService-Info.plist"; sourceTree = "<group>"; };
		8397AAFA1D972F9A00009C01 /* DataService.swift */ = {isa = PBXFileReference; fileEncoding = 4; lastKnownFileType = sourcecode.swift; name = DataService.swift; path = "Data Service/DataService.swift"; sourceTree = "<group>"; };
		8397AAFD1D97388600009C01 /* FeaturedPageDetails.swift */ = {isa = PBXFileReference; fileEncoding = 4; lastKnownFileType = sourcecode.swift; name = FeaturedPageDetails.swift; path = Model/FeaturedPageDetails.swift; sourceTree = "<group>"; };
		8397AAFF1D97514B00009C01 /* CategoryLargeCell.swift */ = {isa = PBXFileReference; fileEncoding = 4; lastKnownFileType = sourcecode.swift; name = CategoryLargeCell.swift; path = Views/Featured/CategoryLargeCell.swift; sourceTree = "<group>"; };
		8397AB011D9755EF00009C01 /* HeaderCell.swift */ = {isa = PBXFileReference; fileEncoding = 4; lastKnownFileType = sourcecode.swift; name = HeaderCell.swift; path = Views/Featured/HeaderCell.swift; sourceTree = "<group>"; };
		8397AB031D975A8100009C01 /* CenterCellCollectionViewFlowLayout.swift */ = {isa = PBXFileReference; fileEncoding = 4; lastKnownFileType = sourcecode.swift; name = CenterCellCollectionViewFlowLayout.swift; path = Utils/CenterCellCollectionViewFlowLayout.swift; sourceTree = "<group>"; };
		8397AB051D97BCF900009C01 /* UIGradientImageView.swift */ = {isa = PBXFileReference; fileEncoding = 4; lastKnownFileType = sourcecode.swift; name = UIGradientImageView.swift; path = Utils/UIGradientImageView.swift; sourceTree = "<group>"; };
		8397AB071D97D87B00009C01 /* RecentTwitParse.swift */ = {isa = PBXFileReference; fileEncoding = 4; lastKnownFileType = sourcecode.swift; name = RecentTwitParse.swift; path = Model/RecentTwitParse.swift; sourceTree = "<group>"; };
		AE29C1531FDBE3FBFD2FB5CF /* Pods-TWiT.release.xcconfig */ = {isa = PBXFileReference; includeInIndex = 1; lastKnownFileType = text.xcconfig; name = "Pods-TWiT.release.xcconfig"; path = "Pods/Target Support Files/Pods-TWiT/Pods-TWiT.release.xcconfig"; sourceTree = "<group>"; };
		C2D6D8BA2F26FAD96B9071D6 /* Pods-TWiT.debug.xcconfig */ = {isa = PBXFileReference; includeInIndex = 1; lastKnownFileType = text.xcconfig; name = "Pods-TWiT.debug.xcconfig"; path = "Pods/Target Support Files/Pods-TWiT/Pods-TWiT.debug.xcconfig"; sourceTree = "<group>"; };
		F5735FA9F5BB2724E91E9DCC /* Pods_TWiT.framework */ = {isa = PBXFileReference; explicitFileType = wrapper.framework; includeInIndex = 0; path = Pods_TWiT.framework; sourceTree = BUILT_PRODUCTS_DIR; };
/* End PBXFileReference section */

/* Begin PBXFrameworksBuildPhase section */
		8397AACB1D9606D400009C01 /* Frameworks */ = {
			isa = PBXFrameworksBuildPhase;
			buildActionMask = 2147483647;
			files = (
				4B1A0C6DA6F9BC841A5E52EC /* Pods_TWiT.framework in Frameworks */,
			);
			runOnlyForDeploymentPostprocessing = 0;
		};
/* End PBXFrameworksBuildPhase section */

/* Begin PBXGroup section */
		5EE51038092023569C0755FA /* Frameworks */ = {
			isa = PBXGroup;
			children = (
				F5735FA9F5BB2724E91E9DCC /* Pods_TWiT.framework */,
			);
			name = Frameworks;
			sourceTree = "<group>";
		};
		8397AAC51D9606D400009C01 = {
			isa = PBXGroup;
			children = (
				8397AAD01D9606D400009C01 /* TWiT */,
				8397AACF1D9606D400009C01 /* Products */,
				F625544E08F1BD292DC114F6 /* Pods */,
				5EE51038092023569C0755FA /* Frameworks */,
			);
			sourceTree = "<group>";
		};
		8397AACF1D9606D400009C01 /* Products */ = {
			isa = PBXGroup;
			children = (
				8397AACE1D9606D400009C01 /* TWiT.app */,
			);
			name = Products;
			sourceTree = "<group>";
		};
		8397AAD01D9606D400009C01 /* TWiT */ = {
			isa = PBXGroup;
			children = (
				8397AAFC1D97385900009C01 /* Model */,
				8397AAF91D972F5D00009C01 /* Data Service */,
				8397AAF81D972ED200009C01 /* CoreData */,
				8397AAF21D9632CB00009C01 /* Views */,
				8397AAE61D96087D00009C01 /* Utils */,
				8397AAEB1D961F4600009C01 /* Controllers */,
				8397AAD31D9606D400009C01 /* ViewController.swift */,
				8397AAD51D9606D400009C01 /* Main.storyboard */,
				8397AADB1D9606D400009C01 /* Assets.xcassets */,
				8397AADD1D9606D400009C01 /* LaunchScreen.storyboard */,
				8397AAE01D9606D400009C01 /* Info.plist */,
				8397AAE91D961F2400009C01 /* TwitMain.swift */,
				8397AAD11D9606D400009C01 /* AppDelegate.swift */,
				8397AAF61D972D3100009C01 /* GoogleService-Info.plist */,
			);
			path = TWiT;
			sourceTree = "<group>";
		};
		8397AAE61D96087D00009C01 /* Utils */ = {
			isa = PBXGroup;
			children = (
				8397AAE71D9608A500009C01 /* Constaints.swift */,
				8397AB031D975A8100009C01 /* CenterCellCollectionViewFlowLayout.swift */,
				8397AB051D97BCF900009C01 /* UIGradientImageView.swift */,
			);
			name = Utils;
			sourceTree = "<group>";
		};
		8397AAEB1D961F4600009C01 /* Controllers */ = {
			isa = PBXGroup;
			children = (
				8397AAEF1D961F8600009C01 /* Featured */,
				8397AAEC1D961F4D00009C01 /* Setup */,
			);
			name = Controllers;
			sourceTree = "<group>";
		};
		8397AAEC1D961F4D00009C01 /* Setup */ = {
			isa = PBXGroup;
			children = (
				8397AAED1D961F5F00009C01 /* TwitTabBarController.swift */,
			);
			name = Setup;
			sourceTree = "<group>";
		};
		8397AAEF1D961F8600009C01 /* Featured */ = {
			isa = PBXGroup;
			children = (
				8397AAF01D961FAE00009C01 /* FeaturedVC.swift */,
			);
			name = Featured;
			sourceTree = "<group>";
		};
		8397AAF21D9632CB00009C01 /* Views */ = {
			isa = PBXGroup;
			children = (
				8397AAF31D9632D300009C01 /* Featured */,
			);
			name = Views;
			sourceTree = "<group>";
		};
		8397AAF31D9632D300009C01 /* Featured */ = {
			isa = PBXGroup;
			children = (
				8397AAF41D9632F200009C01 /* CategoryCell.swift */,
				8397AAFF1D97514B00009C01 /* CategoryLargeCell.swift */,
				8397AB011D9755EF00009C01 /* HeaderCell.swift */,
			);
			name = Featured;
			sourceTree = "<group>";
		};
		8397AAF81D972ED200009C01 /* CoreData */ = {
			isa = PBXGroup;
			children = (
				8397AAD81D9606D400009C01 /* TWiT.xcdatamodeld */,
			);
			name = CoreData;
			sourceTree = "<group>";
		};
		8397AAF91D972F5D00009C01 /* Data Service */ = {
			isa = PBXGroup;
			children = (
				8397AAFA1D972F9A00009C01 /* DataService.swift */,
			);
			name = "Data Service";
			sourceTree = "<group>";
		};
		8397AAFC1D97385900009C01 /* Model */ = {
			isa = PBXGroup;
			children = (
				8397AAFD1D97388600009C01 /* FeaturedPageDetails.swift */,
				8397AB071D97D87B00009C01 /* RecentTwitParse.swift */,
			);
			name = Model;
			sourceTree = "<group>";
		};
		F625544E08F1BD292DC114F6 /* Pods */ = {
			isa = PBXGroup;
			children = (
				C2D6D8BA2F26FAD96B9071D6 /* Pods-TWiT.debug.xcconfig */,
				AE29C1531FDBE3FBFD2FB5CF /* Pods-TWiT.release.xcconfig */,
			);
			name = Pods;
			sourceTree = "<group>";
		};
/* End PBXGroup section */

/* Begin PBXNativeTarget section */
		8397AACD1D9606D400009C01 /* TWiT */ = {
			isa = PBXNativeTarget;
			buildConfigurationList = 8397AAE31D9606D400009C01 /* Build configuration list for PBXNativeTarget "TWiT" */;
			buildPhases = (
				A7947C4D6BFC892E5711F30A /* [CP] Check Pods Manifest.lock */,
				8397AACA1D9606D400009C01 /* Sources */,
				8397AACB1D9606D400009C01 /* Frameworks */,
				8397AACC1D9606D400009C01 /* Resources */,
				3250C5A5AF40AF8C37E45E6F /* [CP] Embed Pods Frameworks */,
				EE841C2BB0B8F2CE9B215EDB /* [CP] Copy Pods Resources */,
			);
			buildRules = (
			);
			dependencies = (
			);
			name = TWiT;
			productName = TWiT;
			productReference = 8397AACE1D9606D400009C01 /* TWiT.app */;
			productType = "com.apple.product-type.application";
		};
/* End PBXNativeTarget section */

/* Begin PBXProject section */
		8397AAC61D9606D400009C01 /* Project object */ = {
			isa = PBXProject;
			attributes = {
				LastSwiftUpdateCheck = 0800;
				LastUpgradeCheck = 0800;
				ORGANIZATIONNAME = "Corey Baines";
				TargetAttributes = {
					8397AACD1D9606D400009C01 = {
						CreatedOnToolsVersion = 8.0;
						DevelopmentTeam = 4444F36N8Z;
						ProvisioningStyle = Automatic;
					};
				};
			};
			buildConfigurationList = 8397AAC91D9606D400009C01 /* Build configuration list for PBXProject "TWiT" */;
			compatibilityVersion = "Xcode 3.2";
			developmentRegion = English;
			hasScannedForEncodings = 0;
			knownRegions = (
				en,
				Base,
			);
			mainGroup = 8397AAC51D9606D400009C01;
			productRefGroup = 8397AACF1D9606D400009C01 /* Products */;
			projectDirPath = "";
			projectRoot = "";
			targets = (
				8397AACD1D9606D400009C01 /* TWiT */,
			);
		};
/* End PBXProject section */

/* Begin PBXResourcesBuildPhase section */
		8397AACC1D9606D400009C01 /* Resources */ = {
			isa = PBXResourcesBuildPhase;
			buildActionMask = 2147483647;
			files = (
				8397AADF1D9606D400009C01 /* LaunchScreen.storyboard in Resources */,
				8397AAF71D972D3100009C01 /* GoogleService-Info.plist in Resources */,
				8397AADC1D9606D400009C01 /* Assets.xcassets in Resources */,
				8397AAD71D9606D400009C01 /* Main.storyboard in Resources */,
			);
			runOnlyForDeploymentPostprocessing = 0;
		};
/* End PBXResourcesBuildPhase section */

/* Begin PBXShellScriptBuildPhase section */
		3250C5A5AF40AF8C37E45E6F /* [CP] Embed Pods Frameworks */ = {
			isa = PBXShellScriptBuildPhase;
			buildActionMask = 2147483647;
			files = (
			);
			inputPaths = (
			);
			name = "[CP] Embed Pods Frameworks";
			outputPaths = (
			);
			runOnlyForDeploymentPostprocessing = 0;
			shellPath = /bin/sh;
			shellScript = "\"${SRCROOT}/Pods/Target Support Files/Pods-TWiT/Pods-TWiT-frameworks.sh\"\n";
			showEnvVarsInLog = 0;
		};
		A7947C4D6BFC892E5711F30A /* [CP] Check Pods Manifest.lock */ = {
			isa = PBXShellScriptBuildPhase;
			buildActionMask = 2147483647;
			files = (
			);
			inputPaths = (
			);
			name = "[CP] Check Pods Manifest.lock";
			outputPaths = (
			);
			runOnlyForDeploymentPostprocessing = 0;
			shellPath = /bin/sh;
			shellScript = "diff \"${PODS_ROOT}/../Podfile.lock\" \"${PODS_ROOT}/Manifest.lock\" > /dev/null\nif [ $? != 0 ] ; then\n    # print error to STDERR\n    echo \"error: The sandbox is not in sync with the Podfile.lock. Run 'pod install' or update your CocoaPods installation.\" >&2\n    exit 1\nfi\n";
			showEnvVarsInLog = 0;
		};
		EE841C2BB0B8F2CE9B215EDB /* [CP] Copy Pods Resources */ = {
			isa = PBXShellScriptBuildPhase;
			buildActionMask = 2147483647;
			files = (
			);
			inputPaths = (
			);
			name = "[CP] Copy Pods Resources";
			outputPaths = (
			);
			runOnlyForDeploymentPostprocessing = 0;
			shellPath = /bin/sh;
			shellScript = "\"${SRCROOT}/Pods/Target Support Files/Pods-TWiT/Pods-TWiT-resources.sh\"\n";
			showEnvVarsInLog = 0;
		};
/* End PBXShellScriptBuildPhase section */

/* Begin PBXSourcesBuildPhase section */
		8397AACA1D9606D400009C01 /* Sources */ = {
			isa = PBXSourcesBuildPhase;
			buildActionMask = 2147483647;
			files = (
				8397AAFB1D972F9A00009C01 /* DataService.swift in Sources */,
				8397AB041D975A8100009C01 /* CenterCellCollectionViewFlowLayout.swift in Sources */,
				8397AB081D97D87B00009C01 /* RecentTwitParse.swift in Sources */,
				8397AAFE1D97388600009C01 /* FeaturedPageDetails.swift in Sources */,
				8397AAF11D961FAE00009C01 /* FeaturedVC.swift in Sources */,
				8397AADA1D9606D400009C01 /* TWiT.xcdatamodeld in Sources */,
				8397AB021D9755EF00009C01 /* HeaderCell.swift in Sources */,
				8397AAEA1D961F2400009C01 /* TwitMain.swift in Sources */,
				8397AAF51D9632F200009C01 /* CategoryCell.swift in Sources */,
				8397AAE81D9608A500009C01 /* Constaints.swift in Sources */,
				8397AAD41D9606D400009C01 /* ViewController.swift in Sources */,
				8397AB061D97BCF900009C01 /* UIGradientImageView.swift in Sources */,
				8397AAD21D9606D400009C01 /* AppDelegate.swift in Sources */,
				8397AB001D97514B00009C01 /* CategoryLargeCell.swift in Sources */,
				8397AAEE1D961F5F00009C01 /* TwitTabBarController.swift in Sources */,
			);
			runOnlyForDeploymentPostprocessing = 0;
		};
/* End PBXSourcesBuildPhase section */

/* Begin PBXVariantGroup section */
		8397AAD51D9606D400009C01 /* Main.storyboard */ = {
			isa = PBXVariantGroup;
			children = (
				8397AAD61D9606D400009C01 /* Base */,
			);
			name = Main.storyboard;
			sourceTree = "<group>";
		};
		8397AADD1D9606D400009C01 /* LaunchScreen.storyboard */ = {
			isa = PBXVariantGroup;
			children = (
				8397AADE1D9606D400009C01 /* Base */,
			);
			name = LaunchScreen.storyboard;
			sourceTree = "<group>";
		};
/* End PBXVariantGroup section */

/* Begin XCBuildConfiguration section */
		8397AAE11D9606D400009C01 /* Debug */ = {
			isa = XCBuildConfiguration;
			buildSettings = {
				ALWAYS_SEARCH_USER_PATHS = NO;
				CLANG_ANALYZER_NONNULL = YES;
				CLANG_CXX_LANGUAGE_STANDARD = "gnu++0x";
				CLANG_CXX_LIBRARY = "libc++";
				CLANG_ENABLE_MODULES = YES;
				CLANG_ENABLE_OBJC_ARC = YES;
				CLANG_WARN_BOOL_CONVERSION = YES;
				CLANG_WARN_CONSTANT_CONVERSION = YES;
				CLANG_WARN_DIRECT_OBJC_ISA_USAGE = YES_ERROR;
				CLANG_WARN_DOCUMENTATION_COMMENTS = YES;
				CLANG_WARN_EMPTY_BODY = YES;
				CLANG_WARN_ENUM_CONVERSION = YES;
				CLANG_WARN_INFINITE_RECURSION = YES;
				CLANG_WARN_INT_CONVERSION = YES;
				CLANG_WARN_OBJC_ROOT_CLASS = YES_ERROR;
				CLANG_WARN_SUSPICIOUS_MOVES = YES;
				CLANG_WARN_UNREACHABLE_CODE = YES;
				CLANG_WARN__DUPLICATE_METHOD_MATCH = YES;
				"CODE_SIGN_IDENTITY[sdk=iphoneos*]" = "iPhone Developer";
				COPY_PHASE_STRIP = NO;
				DEBUG_INFORMATION_FORMAT = dwarf;
				ENABLE_STRICT_OBJC_MSGSEND = YES;
				ENABLE_TESTABILITY = YES;
				GCC_C_LANGUAGE_STANDARD = gnu99;
				GCC_DYNAMIC_NO_PIC = NO;
				GCC_NO_COMMON_BLOCKS = YES;
				GCC_OPTIMIZATION_LEVEL = 0;
				GCC_PREPROCESSOR_DEFINITIONS = (
					"DEBUG=1",
					"$(inherited)",
				);
				GCC_WARN_64_TO_32_BIT_CONVERSION = YES;
				GCC_WARN_ABOUT_RETURN_TYPE = YES_ERROR;
				GCC_WARN_UNDECLARED_SELECTOR = YES;
				GCC_WARN_UNINITIALIZED_AUTOS = YES_AGGRESSIVE;
				GCC_WARN_UNUSED_FUNCTION = YES;
				GCC_WARN_UNUSED_VARIABLE = YES;
				IPHONEOS_DEPLOYMENT_TARGET = 10.0;
				MTL_ENABLE_DEBUG_INFO = YES;
				ONLY_ACTIVE_ARCH = YES;
				SDKROOT = iphoneos;
				SWIFT_ACTIVE_COMPILATION_CONDITIONS = DEBUG;
				SWIFT_OPTIMIZATION_LEVEL = "-Onone";
				TARGETED_DEVICE_FAMILY = "1,2";
			};
			name = Debug;
		};
		8397AAE21D9606D400009C01 /* Release */ = {
			isa = XCBuildConfiguration;
			buildSettings = {
				ALWAYS_SEARCH_USER_PATHS = NO;
				CLANG_ANALYZER_NONNULL = YES;
				CLANG_CXX_LANGUAGE_STANDARD = "gnu++0x";
				CLANG_CXX_LIBRARY = "libc++";
				CLANG_ENABLE_MODULES = YES;
				CLANG_ENABLE_OBJC_ARC = YES;
				CLANG_WARN_BOOL_CONVERSION = YES;
				CLANG_WARN_CONSTANT_CONVERSION = YES;
				CLANG_WARN_DIRECT_OBJC_ISA_USAGE = YES_ERROR;
				CLANG_WARN_DOCUMENTATION_COMMENTS = YES;
				CLANG_WARN_EMPTY_BODY = YES;
				CLANG_WARN_ENUM_CONVERSION = YES;
				CLANG_WARN_INFINITE_RECURSION = YES;
				CLANG_WARN_INT_CONVERSION = YES;
				CLANG_WARN_OBJC_ROOT_CLASS = YES_ERROR;
				CLANG_WARN_SUSPICIOUS_MOVES = YES;
				CLANG_WARN_UNREACHABLE_CODE = YES;
				CLANG_WARN__DUPLICATE_METHOD_MATCH = YES;
				"CODE_SIGN_IDENTITY[sdk=iphoneos*]" = "iPhone Developer";
				COPY_PHASE_STRIP = NO;
				DEBUG_INFORMATION_FORMAT = "dwarf-with-dsym";
				ENABLE_NS_ASSERTIONS = NO;
				ENABLE_STRICT_OBJC_MSGSEND = YES;
				GCC_C_LANGUAGE_STANDARD = gnu99;
				GCC_NO_COMMON_BLOCKS = YES;
				GCC_WARN_64_TO_32_BIT_CONVERSION = YES;
				GCC_WARN_ABOUT_RETURN_TYPE = YES_ERROR;
				GCC_WARN_UNDECLARED_SELECTOR = YES;
				GCC_WARN_UNINITIALIZED_AUTOS = YES_AGGRESSIVE;
				GCC_WARN_UNUSED_FUNCTION = YES;
				GCC_WARN_UNUSED_VARIABLE = YES;
				IPHONEOS_DEPLOYMENT_TARGET = 10.0;
				MTL_ENABLE_DEBUG_INFO = NO;
				SDKROOT = iphoneos;
				SWIFT_OPTIMIZATION_LEVEL = "-Owholemodule";
				TARGETED_DEVICE_FAMILY = "1,2";
				VALIDATE_PRODUCT = YES;
			};
			name = Release;
		};
		8397AAE41D9606D400009C01 /* Debug */ = {
			isa = XCBuildConfiguration;
			baseConfigurationReference = C2D6D8BA2F26FAD96B9071D6 /* Pods-TWiT.debug.xcconfig */;
			buildSettings = {
				ASSETCATALOG_COMPILER_APPICON_NAME = AppIcon;
				DEVELOPMENT_TEAM = 4444F36N8Z;
				INFOPLIST_FILE = TWiT/Info.plist;
				LD_RUNPATH_SEARCH_PATHS = "$(inherited) @executable_path/Frameworks";
				PRODUCT_BUNDLE_IDENTIFIER = com.spiritdevs.TWiT;
				PRODUCT_NAME = "$(TARGET_NAME)";
				SWIFT_VERSION = 3.0;
			};
			name = Debug;
		};
		8397AAE51D9606D400009C01 /* Release */ = {
			isa = XCBuildConfiguration;
			baseConfigurationReference = AE29C1531FDBE3FBFD2FB5CF /* Pods-TWiT.release.xcconfig */;
			buildSettings = {
				ASSETCATALOG_COMPILER_APPICON_NAME = AppIcon;
				DEVELOPMENT_TEAM = 4444F36N8Z;
				INFOPLIST_FILE = TWiT/Info.plist;
				LD_RUNPATH_SEARCH_PATHS = "$(inherited) @executable_path/Frameworks";
				PRODUCT_BUNDLE_IDENTIFIER = com.spiritdevs.TWiT;
				PRODUCT_NAME = "$(TARGET_NAME)";
				SWIFT_VERSION = 3.0;
			};
			name = Release;
		};
/* End XCBuildConfiguration section */

/* Begin XCConfigurationList section */
		8397AAC91D9606D400009C01 /* Build configuration list for PBXProject "TWiT" */ = {
			isa = XCConfigurationList;
			buildConfigurations = (
				8397AAE11D9606D400009C01 /* Debug */,
				8397AAE21D9606D400009C01 /* Release */,
			);
			defaultConfigurationIsVisible = 0;
			defaultConfigurationName = Release;
		};
		8397AAE31D9606D400009C01 /* Build configuration list for PBXNativeTarget "TWiT" */ = {
			isa = XCConfigurationList;
			buildConfigurations = (
				8397AAE41D9606D400009C01 /* Debug */,
				8397AAE51D9606D400009C01 /* Release */,
			);
			defaultConfigurationIsVisible = 0;
			defaultConfigurationName = Release;
		};
/* End XCConfigurationList section */

/* Begin XCVersionGroup section */
		8397AAD81D9606D400009C01 /* TWiT.xcdatamodeld */ = {
			isa = XCVersionGroup;
			children = (
				8397AAD91D9606D400009C01 /* TWiT.xcdatamodel */,
			);
			currentVersion = 8397AAD91D9606D400009C01 /* TWiT.xcdatamodel */;
			path = TWiT.xcdatamodeld;
			sourceTree = "<group>";
			versionGroupType = wrapper.xcdatamodel;
		};
/* End XCVersionGroup section */
	};
	rootObject = 8397AAC61D9606D400009C01 /* Project object */;
}
